// !$*UTF8*$!
{
	archiveVersion = 1;
	classes = {
	};
	objectVersion = 56;
	objects = {

/* Begin PBXBuildFile section */
		853EFAD72AB0025700F5DF86 /* AppDelegate.swift in Sources */ = {isa = PBXBuildFile; fileRef = 853EFAD62AB0025700F5DF86 /* AppDelegate.swift */; };
		853EFAD92AB0025700F5DF86 /* SceneDelegate.swift in Sources */ = {isa = PBXBuildFile; fileRef = 853EFAD82AB0025700F5DF86 /* SceneDelegate.swift */; };
		853EFADB2AB0025700F5DF86 /* HotelViewController.swift in Sources */ = {isa = PBXBuildFile; fileRef = 853EFADA2AB0025700F5DF86 /* HotelViewController.swift */; };
		853EFAE02AB0025A00F5DF86 /* Assets.xcassets in Resources */ = {isa = PBXBuildFile; fileRef = 853EFADF2AB0025A00F5DF86 /* Assets.xcassets */; };
		853EFAE32AB0025A00F5DF86 /* LaunchScreen.storyboard in Resources */ = {isa = PBXBuildFile; fileRef = 853EFAE12AB0025A00F5DF86 /* LaunchScreen.storyboard */; };
		853EFAEB2AB0A54800F5DF86 /* Theme.swift in Sources */ = {isa = PBXBuildFile; fileRef = 853EFAEA2AB0A54800F5DF86 /* Theme.swift */; };
		8576EDA52AB4015E00312268 /* TagLabelsView.swift in Sources */ = {isa = PBXBuildFile; fileRef = 8576EDA42AB4015E00312268 /* TagLabelsView.swift */; };
		8576EDAA2AB40E0B00312268 /* OptionCellViewModel.swift in Sources */ = {isa = PBXBuildFile; fileRef = 8576EDA92AB40E0B00312268 /* OptionCellViewModel.swift */; };
		8576EDAC2AB4764300312268 /* HotelTopView.swift in Sources */ = {isa = PBXBuildFile; fileRef = 8576EDAB2AB4764300312268 /* HotelTopView.swift */; };
		8576EDAE2AB478F400312268 /* HotelAboutView.swift in Sources */ = {isa = PBXBuildFile; fileRef = 8576EDAD2AB478F400312268 /* HotelAboutView.swift */; };
		8576EDB02AB47D3000312268 /* HotelBottomView.swift in Sources */ = {isa = PBXBuildFile; fileRef = 8576EDAF2AB47D3000312268 /* HotelBottomView.swift */; };
		8576EDB42AB591F200312268 /* HotelAboutViewViewModel.swift in Sources */ = {isa = PBXBuildFile; fileRef = 8576EDB32AB591F200312268 /* HotelAboutViewViewModel.swift */; };
		8576EDBE2AB70D7C00312268 /* Hotel.swift in Sources */ = {isa = PBXBuildFile; fileRef = 8576EDBD2AB70D7C00312268 /* Hotel.swift */; };
		8576EDC02AB70E7600312268 /* Room.swift in Sources */ = {isa = PBXBuildFile; fileRef = 8576EDBF2AB70E7600312268 /* Room.swift */; };
		8576EDC22AB70F5400312268 /* Booking.swift in Sources */ = {isa = PBXBuildFile; fileRef = 8576EDC12AB70F5400312268 /* Booking.swift */; };
		8576EDC42AB710CF00312268 /* ImageSliderView.swift in Sources */ = {isa = PBXBuildFile; fileRef = 8576EDC32AB710CF00312268 /* ImageSliderView.swift */; };
		8576EDCA2AB71C2F00312268 /* NetworkService.swift in Sources */ = {isa = PBXBuildFile; fileRef = 8576EDC72AB71C2F00312268 /* NetworkService.swift */; };
		8576EDCB2AB71C2F00312268 /* Endpoint.swift in Sources */ = {isa = PBXBuildFile; fileRef = 8576EDC82AB71C2F00312268 /* Endpoint.swift */; };
		8576EDCC2AB71C2F00312268 /* Request.swift in Sources */ = {isa = PBXBuildFile; fileRef = 8576EDC92AB71C2F00312268 /* Request.swift */; };
		8576EDD02AB71C5300312268 /* ImageLoader.swift in Sources */ = {isa = PBXBuildFile; fileRef = 8576EDCE2AB71C5300312268 /* ImageLoader.swift */; };
		8576EDD12AB71C5300312268 /* APICacheManager.swift in Sources */ = {isa = PBXBuildFile; fileRef = 8576EDCF2AB71C5300312268 /* APICacheManager.swift */; };
		8576EDD32AB71F0700312268 /* HotelViewControllerViewModel.swift in Sources */ = {isa = PBXBuildFile; fileRef = 8576EDD22AB71F0700312268 /* HotelViewControllerViewModel.swift */; };
		8576EDD52AB7240C00312268 /* HotelTopViewViewModel.swift in Sources */ = {isa = PBXBuildFile; fileRef = 8576EDD42AB7240C00312268 /* HotelTopViewViewModel.swift */; };
		8576EDD72AB8136F00312268 /* OptionsTableViewCell.swift in Sources */ = {isa = PBXBuildFile; fileRef = 8576EDD62AB8136F00312268 /* OptionsTableViewCell.swift */; };
		8576EDD92AB8834900312268 /* RoomViewController.swift in Sources */ = {isa = PBXBuildFile; fileRef = 8576EDD82AB8834900312268 /* RoomViewController.swift */; };
		8576EDDB2AB8837C00312268 /* RoomView.swift in Sources */ = {isa = PBXBuildFile; fileRef = 8576EDDA2AB8837C00312268 /* RoomView.swift */; };
		8576EDDD2AB8839100312268 /* RoomViewViewModel.swift in Sources */ = {isa = PBXBuildFile; fileRef = 8576EDDC2AB8839100312268 /* RoomViewViewModel.swift */; };
		8576EDDF2AB885F800312268 /* RoomTableViewCell.swift in Sources */ = {isa = PBXBuildFile; fileRef = 8576EDDE2AB885F800312268 /* RoomTableViewCell.swift */; };
		8576EDE12AB94C7600312268 /* BookingViewController.swift in Sources */ = {isa = PBXBuildFile; fileRef = 8576EDE02AB94C7600312268 /* BookingViewController.swift */; };
		8576EDE32AB94CA500312268 /* BookingView.swift in Sources */ = {isa = PBXBuildFile; fileRef = 8576EDE22AB94CA500312268 /* BookingView.swift */; };
/* End PBXBuildFile section */

/* Begin PBXFileReference section */
		853EFAD32AB0025700F5DF86 /* BookingTask.app */ = {isa = PBXFileReference; explicitFileType = wrapper.application; includeInIndex = 0; path = BookingTask.app; sourceTree = BUILT_PRODUCTS_DIR; };
		853EFAD62AB0025700F5DF86 /* AppDelegate.swift */ = {isa = PBXFileReference; lastKnownFileType = sourcecode.swift; path = AppDelegate.swift; sourceTree = "<group>"; };
		853EFAD82AB0025700F5DF86 /* SceneDelegate.swift */ = {isa = PBXFileReference; lastKnownFileType = sourcecode.swift; path = SceneDelegate.swift; sourceTree = "<group>"; };
		853EFADA2AB0025700F5DF86 /* HotelViewController.swift */ = {isa = PBXFileReference; lastKnownFileType = sourcecode.swift; path = HotelViewController.swift; sourceTree = "<group>"; };
		853EFADF2AB0025A00F5DF86 /* Assets.xcassets */ = {isa = PBXFileReference; lastKnownFileType = folder.assetcatalog; path = Assets.xcassets; sourceTree = "<group>"; };
		853EFAE22AB0025A00F5DF86 /* Base */ = {isa = PBXFileReference; lastKnownFileType = file.storyboard; name = Base; path = Base.lproj/LaunchScreen.storyboard; sourceTree = "<group>"; };
		853EFAE42AB0025A00F5DF86 /* Info.plist */ = {isa = PBXFileReference; lastKnownFileType = text.plist.xml; path = Info.plist; sourceTree = "<group>"; };
		853EFAEA2AB0A54800F5DF86 /* Theme.swift */ = {isa = PBXFileReference; lastKnownFileType = sourcecode.swift; path = Theme.swift; sourceTree = "<group>"; };
		8576EDA42AB4015E00312268 /* TagLabelsView.swift */ = {isa = PBXFileReference; lastKnownFileType = sourcecode.swift; path = TagLabelsView.swift; sourceTree = "<group>"; };
		8576EDA92AB40E0B00312268 /* OptionCellViewModel.swift */ = {isa = PBXFileReference; lastKnownFileType = sourcecode.swift; path = OptionCellViewModel.swift; sourceTree = "<group>"; };
		8576EDAB2AB4764300312268 /* HotelTopView.swift */ = {isa = PBXFileReference; lastKnownFileType = sourcecode.swift; path = HotelTopView.swift; sourceTree = "<group>"; };
		8576EDAD2AB478F400312268 /* HotelAboutView.swift */ = {isa = PBXFileReference; lastKnownFileType = sourcecode.swift; path = HotelAboutView.swift; sourceTree = "<group>"; };
		8576EDAF2AB47D3000312268 /* HotelBottomView.swift */ = {isa = PBXFileReference; lastKnownFileType = sourcecode.swift; path = HotelBottomView.swift; sourceTree = "<group>"; };
		8576EDB32AB591F200312268 /* HotelAboutViewViewModel.swift */ = {isa = PBXFileReference; lastKnownFileType = sourcecode.swift; path = HotelAboutViewViewModel.swift; sourceTree = "<group>"; };
		8576EDBD2AB70D7C00312268 /* Hotel.swift */ = {isa = PBXFileReference; lastKnownFileType = sourcecode.swift; path = Hotel.swift; sourceTree = "<group>"; };
		8576EDBF2AB70E7600312268 /* Room.swift */ = {isa = PBXFileReference; lastKnownFileType = sourcecode.swift; path = Room.swift; sourceTree = "<group>"; };
		8576EDC12AB70F5400312268 /* Booking.swift */ = {isa = PBXFileReference; lastKnownFileType = sourcecode.swift; path = Booking.swift; sourceTree = "<group>"; };
		8576EDC32AB710CF00312268 /* ImageSliderView.swift */ = {isa = PBXFileReference; lastKnownFileType = sourcecode.swift; path = ImageSliderView.swift; sourceTree = "<group>"; };
		8576EDC72AB71C2F00312268 /* NetworkService.swift */ = {isa = PBXFileReference; fileEncoding = 4; lastKnownFileType = sourcecode.swift; path = NetworkService.swift; sourceTree = "<group>"; };
		8576EDC82AB71C2F00312268 /* Endpoint.swift */ = {isa = PBXFileReference; fileEncoding = 4; lastKnownFileType = sourcecode.swift; path = Endpoint.swift; sourceTree = "<group>"; };
		8576EDC92AB71C2F00312268 /* Request.swift */ = {isa = PBXFileReference; fileEncoding = 4; lastKnownFileType = sourcecode.swift; path = Request.swift; sourceTree = "<group>"; };
		8576EDCE2AB71C5300312268 /* ImageLoader.swift */ = {isa = PBXFileReference; fileEncoding = 4; lastKnownFileType = sourcecode.swift; path = ImageLoader.swift; sourceTree = "<group>"; };
		8576EDCF2AB71C5300312268 /* APICacheManager.swift */ = {isa = PBXFileReference; fileEncoding = 4; lastKnownFileType = sourcecode.swift; path = APICacheManager.swift; sourceTree = "<group>"; };
		8576EDD22AB71F0700312268 /* HotelViewControllerViewModel.swift */ = {isa = PBXFileReference; lastKnownFileType = sourcecode.swift; path = HotelViewControllerViewModel.swift; sourceTree = "<group>"; };
		8576EDD42AB7240C00312268 /* HotelTopViewViewModel.swift */ = {isa = PBXFileReference; lastKnownFileType = sourcecode.swift; path = HotelTopViewViewModel.swift; sourceTree = "<group>"; };
		8576EDD62AB8136F00312268 /* OptionsTableViewCell.swift */ = {isa = PBXFileReference; fileEncoding = 4; lastKnownFileType = sourcecode.swift; path = OptionsTableViewCell.swift; sourceTree = "<group>"; };
		8576EDD82AB8834900312268 /* RoomViewController.swift */ = {isa = PBXFileReference; lastKnownFileType = sourcecode.swift; path = RoomViewController.swift; sourceTree = "<group>"; };
		8576EDDA2AB8837C00312268 /* RoomView.swift */ = {isa = PBXFileReference; lastKnownFileType = sourcecode.swift; path = RoomView.swift; sourceTree = "<group>"; };
		8576EDDC2AB8839100312268 /* RoomViewViewModel.swift */ = {isa = PBXFileReference; lastKnownFileType = sourcecode.swift; path = RoomViewViewModel.swift; sourceTree = "<group>"; };
		8576EDDE2AB885F800312268 /* RoomTableViewCell.swift */ = {isa = PBXFileReference; lastKnownFileType = sourcecode.swift; path = RoomTableViewCell.swift; sourceTree = "<group>"; };
		8576EDE02AB94C7600312268 /* BookingViewController.swift */ = {isa = PBXFileReference; lastKnownFileType = sourcecode.swift; path = BookingViewController.swift; sourceTree = "<group>"; };
		8576EDE22AB94CA500312268 /* BookingView.swift */ = {isa = PBXFileReference; lastKnownFileType = sourcecode.swift; path = BookingView.swift; sourceTree = "<group>"; };
/* End PBXFileReference section */

/* Begin PBXFrameworksBuildPhase section */
		853EFAD02AB0025700F5DF86 /* Frameworks */ = {
			isa = PBXFrameworksBuildPhase;
			buildActionMask = 2147483647;
			files = (
			);
			runOnlyForDeploymentPostprocessing = 0;
		};
/* End PBXFrameworksBuildPhase section */

/* Begin PBXGroup section */
		853EFACA2AB0025700F5DF86 = {
			isa = PBXGroup;
			children = (
				853EFAD52AB0025700F5DF86 /* BookingTask */,
				853EFAD42AB0025700F5DF86 /* Products */,
			);
			sourceTree = "<group>";
		};
		853EFAD42AB0025700F5DF86 /* Products */ = {
			isa = PBXGroup;
			children = (
				853EFAD32AB0025700F5DF86 /* BookingTask.app */,
			);
			name = Products;
			sourceTree = "<group>";
		};
		853EFAD52AB0025700F5DF86 /* BookingTask */ = {
			isa = PBXGroup;
			children = (
				8576EDC52AB71C0B00312268 /* Resources */,
				8576EDCD2AB71C5300312268 /* Managers */,
				8576EDC62AB71C2F00312268 /* APIClient */,
				8576EDBC2AB70D6900312268 /* Models */,
				8576EDA82AB40DF400312268 /* ViewModels */,
				8576EDA32AB4013800312268 /* Views */,
				853EFADA2AB0025700F5DF86 /* HotelViewController.swift */,
				8576EDD82AB8834900312268 /* RoomViewController.swift */,
				8576EDE02AB94C7600312268 /* BookingViewController.swift */,
				853EFAE42AB0025A00F5DF86 /* Info.plist */,
				853EFAEA2AB0A54800F5DF86 /* Theme.swift */,
			);
			path = BookingTask;
			sourceTree = "<group>";
		};
		8576EDA32AB4013800312268 /* Views */ = {
			isa = PBXGroup;
			children = (
				8576EDD62AB8136F00312268 /* OptionsTableViewCell.swift */,
				8576EDDE2AB885F800312268 /* RoomTableViewCell.swift */,
				8576EDA42AB4015E00312268 /* TagLabelsView.swift */,
				8576EDC32AB710CF00312268 /* ImageSliderView.swift */,
				8576EDAB2AB4764300312268 /* HotelTopView.swift */,
				8576EDAD2AB478F400312268 /* HotelAboutView.swift */,
				8576EDAF2AB47D3000312268 /* HotelBottomView.swift */,
				8576EDDA2AB8837C00312268 /* RoomView.swift */,
				8576EDE22AB94CA500312268 /* BookingView.swift */,
			);
			path = Views;
			sourceTree = "<group>";
		};
		8576EDA82AB40DF400312268 /* ViewModels */ = {
			isa = PBXGroup;
			children = (
				8576EDA92AB40E0B00312268 /* OptionCellViewModel.swift */,
				8576EDD42AB7240C00312268 /* HotelTopViewViewModel.swift */,
				8576EDB32AB591F200312268 /* HotelAboutViewViewModel.swift */,
				8576EDD22AB71F0700312268 /* HotelViewControllerViewModel.swift */,
				8576EDDC2AB8839100312268 /* RoomViewViewModel.swift */,
			);
			path = ViewModels;
			sourceTree = "<group>";
		};
		8576EDBC2AB70D6900312268 /* Models */ = {
			isa = PBXGroup;
			children = (
				8576EDBD2AB70D7C00312268 /* Hotel.swift */,
				8576EDBF2AB70E7600312268 /* Room.swift */,
				8576EDC12AB70F5400312268 /* Booking.swift */,
			);
			path = Models;
			sourceTree = "<group>";
		};
		8576EDC52AB71C0B00312268 /* Resources */ = {
			isa = PBXGroup;
			children = (
				853EFAD62AB0025700F5DF86 /* AppDelegate.swift */,
				853EFAD82AB0025700F5DF86 /* SceneDelegate.swift */,
				853EFADF2AB0025A00F5DF86 /* Assets.xcassets */,
				853EFAE12AB0025A00F5DF86 /* LaunchScreen.storyboard */,
			);
			path = Resources;
			sourceTree = "<group>";
		};
		8576EDC62AB71C2F00312268 /* APIClient */ = {
			isa = PBXGroup;
			children = (
				8576EDC72AB71C2F00312268 /* NetworkService.swift */,
				8576EDC82AB71C2F00312268 /* Endpoint.swift */,
				8576EDC92AB71C2F00312268 /* Request.swift */,
			);
			path = APIClient;
			sourceTree = "<group>";
		};
		8576EDCD2AB71C5300312268 /* Managers */ = {
			isa = PBXGroup;
			children = (
				8576EDCE2AB71C5300312268 /* ImageLoader.swift */,
				8576EDCF2AB71C5300312268 /* APICacheManager.swift */,
			);
			path = Managers;
			sourceTree = "<group>";
		};
/* End PBXGroup section */

/* Begin PBXNativeTarget section */
		853EFAD22AB0025700F5DF86 /* BookingTask */ = {
			isa = PBXNativeTarget;
			buildConfigurationList = 853EFAE72AB0025A00F5DF86 /* Build configuration list for PBXNativeTarget "BookingTask" */;
			buildPhases = (
				853EFACF2AB0025700F5DF86 /* Sources */,
				853EFAD02AB0025700F5DF86 /* Frameworks */,
				853EFAD12AB0025700F5DF86 /* Resources */,
			);
			buildRules = (
			);
			dependencies = (
			);
			name = BookingTask;
			productName = BookingTask;
			productReference = 853EFAD32AB0025700F5DF86 /* BookingTask.app */;
			productType = "com.apple.product-type.application";
		};
/* End PBXNativeTarget section */

/* Begin PBXProject section */
		853EFACB2AB0025700F5DF86 /* Project object */ = {
			isa = PBXProject;
			attributes = {
				BuildIndependentTargetsInParallel = 1;
				LastSwiftUpdateCheck = 1430;
				LastUpgradeCheck = 1430;
				TargetAttributes = {
					853EFAD22AB0025700F5DF86 = {
						CreatedOnToolsVersion = 14.3.1;
					};
				};
			};
			buildConfigurationList = 853EFACE2AB0025700F5DF86 /* Build configuration list for PBXProject "BookingTask" */;
			compatibilityVersion = "Xcode 14.0";
			developmentRegion = en;
			hasScannedForEncodings = 0;
			knownRegions = (
				en,
				Base,
			);
			mainGroup = 853EFACA2AB0025700F5DF86;
			productRefGroup = 853EFAD42AB0025700F5DF86 /* Products */;
			projectDirPath = "";
			projectRoot = "";
			targets = (
				853EFAD22AB0025700F5DF86 /* BookingTask */,
			);
		};
/* End PBXProject section */

/* Begin PBXResourcesBuildPhase section */
		853EFAD12AB0025700F5DF86 /* Resources */ = {
			isa = PBXResourcesBuildPhase;
			buildActionMask = 2147483647;
			files = (
				853EFAE32AB0025A00F5DF86 /* LaunchScreen.storyboard in Resources */,
				853EFAE02AB0025A00F5DF86 /* Assets.xcassets in Resources */,
			);
			runOnlyForDeploymentPostprocessing = 0;
		};
/* End PBXResourcesBuildPhase section */

/* Begin PBXSourcesBuildPhase section */
		853EFACF2AB0025700F5DF86 /* Sources */ = {
			isa = PBXSourcesBuildPhase;
			buildActionMask = 2147483647;
			files = (
				8576EDBE2AB70D7C00312268 /* Hotel.swift in Sources */,
				8576EDDD2AB8839100312268 /* RoomViewViewModel.swift in Sources */,
				8576EDC22AB70F5400312268 /* Booking.swift in Sources */,
				8576EDB02AB47D3000312268 /* HotelBottomView.swift in Sources */,
				8576EDD12AB71C5300312268 /* APICacheManager.swift in Sources */,
				8576EDD72AB8136F00312268 /* OptionsTableViewCell.swift in Sources */,
				8576EDC02AB70E7600312268 /* Room.swift in Sources */,
				853EFADB2AB0025700F5DF86 /* HotelViewController.swift in Sources */,
				8576EDDF2AB885F800312268 /* RoomTableViewCell.swift in Sources */,
				853EFAEB2AB0A54800F5DF86 /* Theme.swift in Sources */,
				8576EDD52AB7240C00312268 /* HotelTopViewViewModel.swift in Sources */,
				8576EDDB2AB8837C00312268 /* RoomView.swift in Sources */,
				8576EDCB2AB71C2F00312268 /* Endpoint.swift in Sources */,
				8576EDAE2AB478F400312268 /* HotelAboutView.swift in Sources */,
				8576EDC42AB710CF00312268 /* ImageSliderView.swift in Sources */,
				8576EDD32AB71F0700312268 /* HotelViewControllerViewModel.swift in Sources */,
				8576EDE32AB94CA500312268 /* BookingView.swift in Sources */,
				8576EDD02AB71C5300312268 /* ImageLoader.swift in Sources */,
				853EFAD72AB0025700F5DF86 /* AppDelegate.swift in Sources */,
				853EFAD92AB0025700F5DF86 /* SceneDelegate.swift in Sources */,
				8576EDE12AB94C7600312268 /* BookingViewController.swift in Sources */,
				8576EDA52AB4015E00312268 /* TagLabelsView.swift in Sources */,
				8576EDD92AB8834900312268 /* RoomViewController.swift in Sources */,
				8576EDAA2AB40E0B00312268 /* OptionCellViewModel.swift in Sources */,
				8576EDB42AB591F200312268 /* HotelAboutViewViewModel.swift in Sources */,
				8576EDCC2AB71C2F00312268 /* Request.swift in Sources */,
				8576EDCA2AB71C2F00312268 /* NetworkService.swift in Sources */,
				8576EDAC2AB4764300312268 /* HotelTopView.swift in Sources */,
			);
			runOnlyForDeploymentPostprocessing = 0;
		};
/* End PBXSourcesBuildPhase section */

/* Begin PBXVariantGroup section */
		853EFAE12AB0025A00F5DF86 /* LaunchScreen.storyboard */ = {
			isa = PBXVariantGroup;
			children = (
				853EFAE22AB0025A00F5DF86 /* Base */,
			);
			name = LaunchScreen.storyboard;
			sourceTree = "<group>";
		};
/* End PBXVariantGroup section */

/* Begin XCBuildConfiguration section */
		853EFAE52AB0025A00F5DF86 /* Debug */ = {
			isa = XCBuildConfiguration;
			buildSettings = {
				ALWAYS_SEARCH_USER_PATHS = NO;
				CLANG_ANALYZER_NONNULL = YES;
				CLANG_ANALYZER_NUMBER_OBJECT_CONVERSION = YES_AGGRESSIVE;
				CLANG_CXX_LANGUAGE_STANDARD = "gnu++20";
				CLANG_ENABLE_MODULES = YES;
				CLANG_ENABLE_OBJC_ARC = YES;
				CLANG_ENABLE_OBJC_WEAK = YES;
				CLANG_WARN_BLOCK_CAPTURE_AUTORELEASING = YES;
				CLANG_WARN_BOOL_CONVERSION = YES;
				CLANG_WARN_COMMA = YES;
				CLANG_WARN_CONSTANT_CONVERSION = YES;
				CLANG_WARN_DEPRECATED_OBJC_IMPLEMENTATIONS = YES;
				CLANG_WARN_DIRECT_OBJC_ISA_USAGE = YES_ERROR;
				CLANG_WARN_DOCUMENTATION_COMMENTS = YES;
				CLANG_WARN_EMPTY_BODY = YES;
				CLANG_WARN_ENUM_CONVERSION = YES;
				CLANG_WARN_INFINITE_RECURSION = YES;
				CLANG_WARN_INT_CONVERSION = YES;
				CLANG_WARN_NON_LITERAL_NULL_CONVERSION = YES;
				CLANG_WARN_OBJC_IMPLICIT_RETAIN_SELF = YES;
				CLANG_WARN_OBJC_LITERAL_CONVERSION = YES;
				CLANG_WARN_OBJC_ROOT_CLASS = YES_ERROR;
				CLANG_WARN_QUOTED_INCLUDE_IN_FRAMEWORK_HEADER = YES;
				CLANG_WARN_RANGE_LOOP_ANALYSIS = YES;
				CLANG_WARN_STRICT_PROTOTYPES = YES;
				CLANG_WARN_SUSPICIOUS_MOVE = YES;
				CLANG_WARN_UNGUARDED_AVAILABILITY = YES_AGGRESSIVE;
				CLANG_WARN_UNREACHABLE_CODE = YES;
				CLANG_WARN__DUPLICATE_METHOD_MATCH = YES;
				COPY_PHASE_STRIP = NO;
				DEBUG_INFORMATION_FORMAT = dwarf;
				ENABLE_STRICT_OBJC_MSGSEND = YES;
				ENABLE_TESTABILITY = YES;
				GCC_C_LANGUAGE_STANDARD = gnu11;
				GCC_DYNAMIC_NO_PIC = NO;
				GCC_NO_COMMON_BLOCKS = YES;
				GCC_OPTIMIZATION_LEVEL = 0;
				GCC_PREPROCESSOR_DEFINITIONS = (
					"DEBUG=1",
					"$(inherited)",
				);
				GCC_WARN_64_TO_32_BIT_CONVERSION = YES;
				GCC_WARN_ABOUT_RETURN_TYPE = YES_ERROR;
				GCC_WARN_UNDECLARED_SELECTOR = YES;
				GCC_WARN_UNINITIALIZED_AUTOS = YES_AGGRESSIVE;
				GCC_WARN_UNUSED_FUNCTION = YES;
				GCC_WARN_UNUSED_VARIABLE = YES;
				IPHONEOS_DEPLOYMENT_TARGET = 16.4;
				MTL_ENABLE_DEBUG_INFO = INCLUDE_SOURCE;
				MTL_FAST_MATH = YES;
				ONLY_ACTIVE_ARCH = YES;
				SDKROOT = iphoneos;
				SWIFT_ACTIVE_COMPILATION_CONDITIONS = DEBUG;
				SWIFT_OPTIMIZATION_LEVEL = "-Onone";
			};
			name = Debug;
		};
		853EFAE62AB0025A00F5DF86 /* Release */ = {
			isa = XCBuildConfiguration;
			buildSettings = {
				ALWAYS_SEARCH_USER_PATHS = NO;
				CLANG_ANALYZER_NONNULL = YES;
				CLANG_ANALYZER_NUMBER_OBJECT_CONVERSION = YES_AGGRESSIVE;
				CLANG_CXX_LANGUAGE_STANDARD = "gnu++20";
				CLANG_ENABLE_MODULES = YES;
				CLANG_ENABLE_OBJC_ARC = YES;
				CLANG_ENABLE_OBJC_WEAK = YES;
				CLANG_WARN_BLOCK_CAPTURE_AUTORELEASING = YES;
				CLANG_WARN_BOOL_CONVERSION = YES;
				CLANG_WARN_COMMA = YES;
				CLANG_WARN_CONSTANT_CONVERSION = YES;
				CLANG_WARN_DEPRECATED_OBJC_IMPLEMENTATIONS = YES;
				CLANG_WARN_DIRECT_OBJC_ISA_USAGE = YES_ERROR;
				CLANG_WARN_DOCUMENTATION_COMMENTS = YES;
				CLANG_WARN_EMPTY_BODY = YES;
				CLANG_WARN_ENUM_CONVERSION = YES;
				CLANG_WARN_INFINITE_RECURSION = YES;
				CLANG_WARN_INT_CONVERSION = YES;
				CLANG_WARN_NON_LITERAL_NULL_CONVERSION = YES;
				CLANG_WARN_OBJC_IMPLICIT_RETAIN_SELF = YES;
				CLANG_WARN_OBJC_LITERAL_CONVERSION = YES;
				CLANG_WARN_OBJC_ROOT_CLASS = YES_ERROR;
				CLANG_WARN_QUOTED_INCLUDE_IN_FRAMEWORK_HEADER = YES;
				CLANG_WARN_RANGE_LOOP_ANALYSIS = YES;
				CLANG_WARN_STRICT_PROTOTYPES = YES;
				CLANG_WARN_SUSPICIOUS_MOVE = YES;
				CLANG_WARN_UNGUARDED_AVAILABILITY = YES_AGGRESSIVE;
				CLANG_WARN_UNREACHABLE_CODE = YES;
				CLANG_WARN__DUPLICATE_METHOD_MATCH = YES;
				COPY_PHASE_STRIP = NO;
				DEBUG_INFORMATION_FORMAT = "dwarf-with-dsym";
				ENABLE_NS_ASSERTIONS = NO;
				ENABLE_STRICT_OBJC_MSGSEND = YES;
				GCC_C_LANGUAGE_STANDARD = gnu11;
				GCC_NO_COMMON_BLOCKS = YES;
				GCC_WARN_64_TO_32_BIT_CONVERSION = YES;
				GCC_WARN_ABOUT_RETURN_TYPE = YES_ERROR;
				GCC_WARN_UNDECLARED_SELECTOR = YES;
				GCC_WARN_UNINITIALIZED_AUTOS = YES_AGGRESSIVE;
				GCC_WARN_UNUSED_FUNCTION = YES;
				GCC_WARN_UNUSED_VARIABLE = YES;
				IPHONEOS_DEPLOYMENT_TARGET = 16.4;
				MTL_ENABLE_DEBUG_INFO = NO;
				MTL_FAST_MATH = YES;
				SDKROOT = iphoneos;
				SWIFT_COMPILATION_MODE = wholemodule;
				SWIFT_OPTIMIZATION_LEVEL = "-O";
				VALIDATE_PRODUCT = YES;
			};
			name = Release;
		};
		853EFAE82AB0025A00F5DF86 /* Debug */ = {
			isa = XCBuildConfiguration;
			buildSettings = {
				ASSETCATALOG_COMPILER_APPICON_NAME = AppIcon;
				ASSETCATALOG_COMPILER_GLOBAL_ACCENT_COLOR_NAME = AccentColor;
				CODE_SIGN_STYLE = Automatic;
				CURRENT_PROJECT_VERSION = 1;
				DEVELOPMENT_TEAM = B664XJ63UA;
				GENERATE_INFOPLIST_FILE = YES;
				INFOPLIST_FILE = BookingTask/Info.plist;
				INFOPLIST_KEY_UIApplicationSupportsIndirectInputEvents = YES;
				INFOPLIST_KEY_UILaunchStoryboardName = LaunchScreen;
				INFOPLIST_KEY_UISupportedInterfaceOrientations_iPad = "UIInterfaceOrientationPortrait UIInterfaceOrientationPortraitUpsideDown UIInterfaceOrientationLandscapeLeft UIInterfaceOrientationLandscapeRight";
				INFOPLIST_KEY_UISupportedInterfaceOrientations_iPhone = "UIInterfaceOrientationPortrait UIInterfaceOrientationLandscapeLeft UIInterfaceOrientationLandscapeRight";
				LD_RUNPATH_SEARCH_PATHS = (
					"$(inherited)",
					"@executable_path/Frameworks",
				);
				MARKETING_VERSION = 1.0;
				PRODUCT_BUNDLE_IDENTIFIER = ru.ya.ariweb.BookingTask;
				PRODUCT_NAME = "$(TARGET_NAME)";
				SWIFT_EMIT_LOC_STRINGS = YES;
				SWIFT_VERSION = 5.0;
				TARGETED_DEVICE_FAMILY = "1,2";
			};
			name = Debug;
		};
		853EFAE92AB0025A00F5DF86 /* Release */ = {
			isa = XCBuildConfiguration;
			buildSettings = {
				ASSETCATALOG_COMPILER_APPICON_NAME = AppIcon;
				ASSETCATALOG_COMPILER_GLOBAL_ACCENT_COLOR_NAME = AccentColor;
				CODE_SIGN_STYLE = Automatic;
				CURRENT_PROJECT_VERSION = 1;
				DEVELOPMENT_TEAM = B664XJ63UA;
				GENERATE_INFOPLIST_FILE = YES;
				INFOPLIST_FILE = BookingTask/Info.plist;
				INFOPLIST_KEY_UIApplicationSupportsIndirectInputEvents = YES;
				INFOPLIST_KEY_UILaunchStoryboardName = LaunchScreen;
				INFOPLIST_KEY_UISupportedInterfaceOrientations_iPad = "UIInterfaceOrientationPortrait UIInterfaceOrientationPortraitUpsideDown UIInterfaceOrientationLandscapeLeft UIInterfaceOrientationLandscapeRight";
				INFOPLIST_KEY_UISupportedInterfaceOrientations_iPhone = "UIInterfaceOrientationPortrait UIInterfaceOrientationLandscapeLeft UIInterfaceOrientationLandscapeRight";
				LD_RUNPATH_SEARCH_PATHS = (
					"$(inherited)",
					"@executable_path/Frameworks",
				);
				MARKETING_VERSION = 1.0;
				PRODUCT_BUNDLE_IDENTIFIER = ru.ya.ariweb.BookingTask;
				PRODUCT_NAME = "$(TARGET_NAME)";
				SWIFT_EMIT_LOC_STRINGS = YES;
				SWIFT_VERSION = 5.0;
				TARGETED_DEVICE_FAMILY = "1,2";
			};
			name = Release;
		};
/* End XCBuildConfiguration section */

/* Begin XCConfigurationList section */
		853EFACE2AB0025700F5DF86 /* Build configuration list for PBXProject "BookingTask" */ = {
			isa = XCConfigurationList;
			buildConfigurations = (
				853EFAE52AB0025A00F5DF86 /* Debug */,
				853EFAE62AB0025A00F5DF86 /* Release */,
			);
			defaultConfigurationIsVisible = 0;
			defaultConfigurationName = Release;
		};
		853EFAE72AB0025A00F5DF86 /* Build configuration list for PBXNativeTarget "BookingTask" */ = {
			isa = XCConfigurationList;
			buildConfigurations = (
				853EFAE82AB0025A00F5DF86 /* Debug */,
				853EFAE92AB0025A00F5DF86 /* Release */,
			);
			defaultConfigurationIsVisible = 0;
			defaultConfigurationName = Release;
		};
/* End XCConfigurationList section */
	};
	rootObject = 853EFACB2AB0025700F5DF86 /* Project object */;
}
